// !$*UTF8*$!
{
	archiveVersion = 1;
	classes = {
	};
	objectVersion = 48;
	objects = {

/* Begin PBXBuildFile section */
		9B4AE60E2011E77100E94BA6 /* Memo.storyboard in Resources */ = {isa = PBXBuildFile; fileRef = 9B4AE60C2011E77100E94BA6 /* Memo.storyboard */; };
		9B4AE6102011F19100E94BA6 /* EditViewController.swift in Sources */ = {isa = PBXBuildFile; fileRef = 9B4AE60F2011F19100E94BA6 /* EditViewController.swift */; };
		9B4AE616201205EB00E94BA6 /* MemoViewController.swift in Sources */ = {isa = PBXBuildFile; fileRef = 9B4AE615201205EB00E94BA6 /* MemoViewController.swift */; };
		9B4AE61B2012878C00E94BA6 /* MemoManager.swift in Sources */ = {isa = PBXBuildFile; fileRef = 9B4AE61A2012878C00E94BA6 /* MemoManager.swift */; };
		9B50836B200FC11D00466450 /* AppDelegate.swift in Sources */ = {isa = PBXBuildFile; fileRef = 9B50836A200FC11D00466450 /* AppDelegate.swift */; };
		9B50836D200FC11D00466450 /* ViewController.swift in Sources */ = {isa = PBXBuildFile; fileRef = 9B50836C200FC11D00466450 /* ViewController.swift */; };
		9B508370200FC11D00466450 /* Main.storyboard in Resources */ = {isa = PBXBuildFile; fileRef = 9B50836E200FC11D00466450 /* Main.storyboard */; };
		9B508372200FC11D00466450 /* Assets.xcassets in Resources */ = {isa = PBXBuildFile; fileRef = 9B508371200FC11D00466450 /* Assets.xcassets */; };
		9B508375200FC11D00466450 /* LaunchScreen.storyboard in Resources */ = {isa = PBXBuildFile; fileRef = 9B508373200FC11D00466450 /* LaunchScreen.storyboard */; };
		9B508381200FCB9600466450 /* WhiteTableViewCell.swift in Sources */ = {isa = PBXBuildFile; fileRef = 9B508380200FCB9600466450 /* WhiteTableViewCell.swift */; };
		9B5083D5200FE18000466450 /* Memo.swift in Sources */ = {isa = PBXBuildFile; fileRef = 9B5083D4200FE18000466450 /* Memo.swift */; };
		F618CE55F35EDE27444D7399 /* Pods_MemoBomb.framework in Frameworks */ = {isa = PBXBuildFile; fileRef = D9D22EC087F16912EB5E6B35 /* Pods_MemoBomb.framework */; };
/* End PBXBuildFile section */

/* Begin PBXFileReference section */
		48B26E958959741D196FC2A1 /* Pods-MemoBomb.debug.xcconfig */ = {isa = PBXFileReference; includeInIndex = 1; lastKnownFileType = text.xcconfig; name = "Pods-MemoBomb.debug.xcconfig"; path = "Pods/Target Support Files/Pods-MemoBomb/Pods-MemoBomb.debug.xcconfig"; sourceTree = "<group>"; };
		9B4AE60C2011E77100E94BA6 /* Memo.storyboard */ = {isa = PBXFileReference; fileEncoding = 4; lastKnownFileType = file.storyboard; path = Memo.storyboard; sourceTree = "<group>"; };
		9B4AE60F2011F19100E94BA6 /* EditViewController.swift */ = {isa = PBXFileReference; lastKnownFileType = sourcecode.swift; path = EditViewController.swift; sourceTree = "<group>"; };
		9B4AE615201205EB00E94BA6 /* MemoViewController.swift */ = {isa = PBXFileReference; lastKnownFileType = sourcecode.swift; path = MemoViewController.swift; sourceTree = "<group>"; };
		9B4AE61A2012878C00E94BA6 /* MemoManager.swift */ = {isa = PBXFileReference; lastKnownFileType = sourcecode.swift; path = MemoManager.swift; sourceTree = "<group>"; };
		9B508367200FC11D00466450 /* MemoBomb.app */ = {isa = PBXFileReference; explicitFileType = wrapper.application; includeInIndex = 0; path = MemoBomb.app; sourceTree = BUILT_PRODUCTS_DIR; };
		9B50836A200FC11D00466450 /* AppDelegate.swift */ = {isa = PBXFileReference; lastKnownFileType = sourcecode.swift; path = AppDelegate.swift; sourceTree = "<group>"; };
		9B50836C200FC11D00466450 /* ViewController.swift */ = {isa = PBXFileReference; lastKnownFileType = sourcecode.swift; path = ViewController.swift; sourceTree = "<group>"; };
		9B50836F200FC11D00466450 /* Base */ = {isa = PBXFileReference; lastKnownFileType = file.storyboard; name = Base; path = Base.lproj/Main.storyboard; sourceTree = "<group>"; };
		9B508371200FC11D00466450 /* Assets.xcassets */ = {isa = PBXFileReference; lastKnownFileType = folder.assetcatalog; path = Assets.xcassets; sourceTree = "<group>"; };
		9B508374200FC11D00466450 /* Base */ = {isa = PBXFileReference; lastKnownFileType = file.storyboard; name = Base; path = Base.lproj/LaunchScreen.storyboard; sourceTree = "<group>"; };
		9B508376200FC11D00466450 /* Info.plist */ = {isa = PBXFileReference; lastKnownFileType = text.plist.xml; path = Info.plist; sourceTree = "<group>"; };
		9B508380200FCB9600466450 /* WhiteTableViewCell.swift */ = {isa = PBXFileReference; lastKnownFileType = sourcecode.swift; path = WhiteTableViewCell.swift; sourceTree = "<group>"; };
		9B5083D4200FE18000466450 /* Memo.swift */ = {isa = PBXFileReference; lastKnownFileType = sourcecode.swift; path = Memo.swift; sourceTree = "<group>"; };
		CD5888EA56256B47C82DCF4B /* Pods-MemoBomb.release.xcconfig */ = {isa = PBXFileReference; includeInIndex = 1; lastKnownFileType = text.xcconfig; name = "Pods-MemoBomb.release.xcconfig"; path = "Pods/Target Support Files/Pods-MemoBomb/Pods-MemoBomb.release.xcconfig"; sourceTree = "<group>"; };
		D9D22EC087F16912EB5E6B35 /* Pods_MemoBomb.framework */ = {isa = PBXFileReference; explicitFileType = wrapper.framework; includeInIndex = 0; path = Pods_MemoBomb.framework; sourceTree = BUILT_PRODUCTS_DIR; };
/* End PBXFileReference section */

/* Begin PBXFrameworksBuildPhase section */
		9B508364200FC11D00466450 /* Frameworks */ = {
			isa = PBXFrameworksBuildPhase;
			buildActionMask = 2147483647;
			files = (
				F618CE55F35EDE27444D7399 /* Pods_MemoBomb.framework in Frameworks */,
			);
			runOnlyForDeploymentPostprocessing = 0;
		};
/* End PBXFrameworksBuildPhase section */

/* Begin PBXGroup section */
		0C3EC98CD352C9F892F018FE /* Frameworks */ = {
			isa = PBXGroup;
			children = (
				D9D22EC087F16912EB5E6B35 /* Pods_MemoBomb.framework */,
			);
			name = Frameworks;
			sourceTree = "<group>";
		};
		541CEA45AF03436FB6D9313E /* Pods */ = {
			isa = PBXGroup;
			children = (
				48B26E958959741D196FC2A1 /* Pods-MemoBomb.debug.xcconfig */,
				CD5888EA56256B47C82DCF4B /* Pods-MemoBomb.release.xcconfig */,
			);
			name = Pods;
			sourceTree = "<group>";
		};
		9B4AE6112012057900E94BA6 /* New Memo */ = {
			isa = PBXGroup;
			children = (
				9B4AE615201205EB00E94BA6 /* MemoViewController.swift */,
				9B4AE60C2011E77100E94BA6 /* Memo.storyboard */,
			);
			path = "New Memo";
			sourceTree = "<group>";
		};
		9B4AE6142012059100E94BA6 /* Model */ = {
			isa = PBXGroup;
			children = (
				9B5083D4200FE18000466450 /* Memo.swift */,
				9B4AE61A2012878C00E94BA6 /* MemoManager.swift */,
			);
			path = Model;
			sourceTree = "<group>";
		};
		9B4AE6172012060700E94BA6 /* Main */ = {
			isa = PBXGroup;
			children = (
				9B4AE60F2011F19100E94BA6 /* EditViewController.swift */,
				9B50836C200FC11D00466450 /* ViewController.swift */,
				9B50836E200FC11D00466450 /* Main.storyboard */,
			);
			path = Main;
			sourceTree = "<group>";
		};
		9B4AE6182012063600E94BA6 /* etc */ = {
			isa = PBXGroup;
			children = (
				9B508371200FC11D00466450 /* Assets.xcassets */,
				9B508373200FC11D00466450 /* LaunchScreen.storyboard */,
			);
			path = etc;
			sourceTree = "<group>";
		};
		9B50835E200FC11D00466450 = {
			isa = PBXGroup;
			children = (
				9B508369200FC11D00466450 /* MemoBomb */,
				9B508368200FC11D00466450 /* Products */,
				541CEA45AF03436FB6D9313E /* Pods */,
				0C3EC98CD352C9F892F018FE /* Frameworks */,
			);
			sourceTree = "<group>";
		};
		9B508368200FC11D00466450 /* Products */ = {
			isa = PBXGroup;
			children = (
				9B508367200FC11D00466450 /* MemoBomb.app */,
			);
			name = Products;
			sourceTree = "<group>";
		};
		9B508369200FC11D00466450 /* MemoBomb */ = {
			isa = PBXGroup;
			children = (
				9B4AE6112012057900E94BA6 /* New Memo */,
				9B4AE6172012060700E94BA6 /* Main */,
				9B4AE6142012059100E94BA6 /* Model */,
				9B4AE6182012063600E94BA6 /* etc */,
				9B508376200FC11D00466450 /* Info.plist */,
				9B50836A200FC11D00466450 /* AppDelegate.swift */,
				9B508380200FCB9600466450 /* WhiteTableViewCell.swift */,
			);
			path = MemoBomb;
			sourceTree = "<group>";
		};
/* End PBXGroup section */

/* Begin PBXNativeTarget section */
		9B508366200FC11D00466450 /* MemoBomb */ = {
			isa = PBXNativeTarget;
			buildConfigurationList = 9B508379200FC11D00466450 /* Build configuration list for PBXNativeTarget "MemoBomb" */;
			buildPhases = (
				A8532165745D9A1469013E29 /* [CP] Check Pods Manifest.lock */,
				9B508363200FC11D00466450 /* Sources */,
				9B508364200FC11D00466450 /* Frameworks */,
				9B508365200FC11D00466450 /* Resources */,
				8831790D0EDE3DB0F01D2F6A /* [CP] Embed Pods Frameworks */,
				61FB97B94C37A3A59D314C2B /* [CP] Copy Pods Resources */,
			);
			buildRules = (
			);
			dependencies = (
			);
			name = MemoBomb;
			productName = MemoBomb;
			productReference = 9B508367200FC11D00466450 /* MemoBomb.app */;
			productType = "com.apple.product-type.application";
		};
/* End PBXNativeTarget section */

/* Begin PBXProject section */
		9B50835F200FC11D00466450 /* Project object */ = {
			isa = PBXProject;
			attributes = {
				LastSwiftUpdateCheck = 0920;
				LastUpgradeCheck = 0920;
				ORGANIZATIONNAME = smith;
				TargetAttributes = {
					9B508366200FC11D00466450 = {
						CreatedOnToolsVersion = 9.2;
						ProvisioningStyle = Automatic;
					};
				};
			};
			buildConfigurationList = 9B508362200FC11D00466450 /* Build configuration list for PBXProject "MemoBomb" */;
			compatibilityVersion = "Xcode 8.0";
			developmentRegion = en;
			hasScannedForEncodings = 0;
			knownRegions = (
				en,
				Base,
			);
			mainGroup = 9B50835E200FC11D00466450;
			productRefGroup = 9B508368200FC11D00466450 /* Products */;
			projectDirPath = "";
			projectRoot = "";
			targets = (
				9B508366200FC11D00466450 /* MemoBomb */,
			);
		};
/* End PBXProject section */

/* Begin PBXResourcesBuildPhase section */
		9B508365200FC11D00466450 /* Resources */ = {
			isa = PBXResourcesBuildPhase;
			buildActionMask = 2147483647;
			files = (
				9B4AE60E2011E77100E94BA6 /* Memo.storyboard in Resources */,
				9B508375200FC11D00466450 /* LaunchScreen.storyboard in Resources */,
				9B508372200FC11D00466450 /* Assets.xcassets in Resources */,
				9B508370200FC11D00466450 /* Main.storyboard in Resources */,
			);
			runOnlyForDeploymentPostprocessing = 0;
		};
/* End PBXResourcesBuildPhase section */

/* Begin PBXShellScriptBuildPhase section */
		61FB97B94C37A3A59D314C2B /* [CP] Copy Pods Resources */ = {
			isa = PBXShellScriptBuildPhase;
			buildActionMask = 2147483647;
			files = (
			);
			inputPaths = (
			);
			name = "[CP] Copy Pods Resources";
			outputPaths = (
			);
			runOnlyForDeploymentPostprocessing = 0;
			shellPath = /bin/sh;
			shellScript = "\"${SRCROOT}/Pods/Target Support Files/Pods-MemoBomb/Pods-MemoBomb-resources.sh\"\n";
			showEnvVarsInLog = 0;
		};
		8831790D0EDE3DB0F01D2F6A /* [CP] Embed Pods Frameworks */ = {
			isa = PBXShellScriptBuildPhase;
			buildActionMask = 2147483647;
			files = (
			);
			inputPaths = (
				"${SRCROOT}/Pods/Target Support Files/Pods-MemoBomb/Pods-MemoBomb-frameworks.sh",
				"${BUILT_PRODUCTS_DIR}/Realm/Realm.framework",
				"${BUILT_PRODUCTS_DIR}/RealmSwift/RealmSwift.framework",
			);
			name = "[CP] Embed Pods Frameworks";
			outputPaths = (
				"${TARGET_BUILD_DIR}/${FRAMEWORKS_FOLDER_PATH}/Realm.framework",
				"${TARGET_BUILD_DIR}/${FRAMEWORKS_FOLDER_PATH}/RealmSwift.framework",
			);
			runOnlyForDeploymentPostprocessing = 0;
			shellPath = /bin/sh;
			shellScript = "\"${SRCROOT}/Pods/Target Support Files/Pods-MemoBomb/Pods-MemoBomb-frameworks.sh\"\n";
			showEnvVarsInLog = 0;
		};
		A8532165745D9A1469013E29 /* [CP] Check Pods Manifest.lock */ = {
			isa = PBXShellScriptBuildPhase;
			buildActionMask = 2147483647;
			files = (
			);
			inputPaths = (
				"${PODS_PODFILE_DIR_PATH}/Podfile.lock",
				"${PODS_ROOT}/Manifest.lock",
			);
			name = "[CP] Check Pods Manifest.lock";
			outputPaths = (
				"$(DERIVED_FILE_DIR)/Pods-MemoBomb-checkManifestLockResult.txt",
			);
			runOnlyForDeploymentPostprocessing = 0;
			shellPath = /bin/sh;
			shellScript = "diff \"${PODS_PODFILE_DIR_PATH}/Podfile.lock\" \"${PODS_ROOT}/Manifest.lock\" > /dev/null\nif [ $? != 0 ] ; then\n    # print error to STDERR\n    echo \"error: The sandbox is not in sync with the Podfile.lock. Run 'pod install' or update your CocoaPods installation.\" >&2\n    exit 1\nfi\n# This output is used by Xcode 'outputs' to avoid re-running this script phase.\necho \"SUCCESS\" > \"${SCRIPT_OUTPUT_FILE_0}\"\n";
			showEnvVarsInLog = 0;
		};
/* End PBXShellScriptBuildPhase section */

/* Begin PBXSourcesBuildPhase section */
		9B508363200FC11D00466450 /* Sources */ = {
			isa = PBXSourcesBuildPhase;
			buildActionMask = 2147483647;
			files = (
				9B4AE616201205EB00E94BA6 /* MemoViewController.swift in Sources */,
				9B50836D200FC11D00466450 /* ViewController.swift in Sources */,
				9B4AE61B2012878C00E94BA6 /* MemoManager.swift in Sources */,
				9B50836B200FC11D00466450 /* AppDelegate.swift in Sources */,
				9B508381200FCB9600466450 /* WhiteTableViewCell.swift in Sources */,
				9B5083D5200FE18000466450 /* Memo.swift in Sources */,
				9B4AE6102011F19100E94BA6 /* EditViewController.swift in Sources */,
			);
			runOnlyForDeploymentPostprocessing = 0;
		};
/* End PBXSourcesBuildPhase section */

/* Begin PBXVariantGroup section */
		9B50836E200FC11D00466450 /* Main.storyboard */ = {
			isa = PBXVariantGroup;
			children = (
				9B50836F200FC11D00466450 /* Base */,
			);
			name = Main.storyboard;
			sourceTree = "<group>";
		};
		9B508373200FC11D00466450 /* LaunchScreen.storyboard */ = {
			isa = PBXVariantGroup;
			children = (
				9B508374200FC11D00466450 /* Base */,
			);
			name = LaunchScreen.storyboard;
			sourceTree = "<group>";
		};
/* End PBXVariantGroup section */

/* Begin XCBuildConfiguration section */
		9B508377200FC11D00466450 /* Debug */ = {
			isa = XCBuildConfiguration;
			buildSettings = {
				ALWAYS_SEARCH_USER_PATHS = NO;
				CLANG_ANALYZER_NONNULL = YES;
				CLANG_ANALYZER_NUMBER_OBJECT_CONVERSION = YES_AGGRESSIVE;
				CLANG_CXX_LANGUAGE_STANDARD = "gnu++14";
				CLANG_CXX_LIBRARY = "libc++";
				CLANG_ENABLE_MODULES = YES;
				CLANG_ENABLE_OBJC_ARC = YES;
				CLANG_WARN_BLOCK_CAPTURE_AUTORELEASING = YES;
				CLANG_WARN_BOOL_CONVERSION = YES;
				CLANG_WARN_COMMA = YES;
				CLANG_WARN_CONSTANT_CONVERSION = YES;
				CLANG_WARN_DIRECT_OBJC_ISA_USAGE = YES_ERROR;
				CLANG_WARN_DOCUMENTATION_COMMENTS = YES;
				CLANG_WARN_EMPTY_BODY = YES;
				CLANG_WARN_ENUM_CONVERSION = YES;
				CLANG_WARN_INFINITE_RECURSION = YES;
				CLANG_WARN_INT_CONVERSION = YES;
				CLANG_WARN_NON_LITERAL_NULL_CONVERSION = YES;
				CLANG_WARN_OBJC_LITERAL_CONVERSION = YES;
				CLANG_WARN_OBJC_ROOT_CLASS = YES_ERROR;
				CLANG_WARN_RANGE_LOOP_ANALYSIS = YES;
				CLANG_WARN_STRICT_PROTOTYPES = YES;
				CLANG_WARN_SUSPICIOUS_MOVE = YES;
				CLANG_WARN_UNGUARDED_AVAILABILITY = YES_AGGRESSIVE;
				CLANG_WARN_UNREACHABLE_CODE = YES;
				CLANG_WARN__DUPLICATE_METHOD_MATCH = YES;
				CODE_SIGN_IDENTITY = "iPhone Developer";
				COPY_PHASE_STRIP = NO;
				DEBUG_INFORMATION_FORMAT = dwarf;
				ENABLE_STRICT_OBJC_MSGSEND = YES;
				ENABLE_TESTABILITY = YES;
				GCC_C_LANGUAGE_STANDARD = gnu11;
				GCC_DYNAMIC_NO_PIC = NO;
				GCC_NO_COMMON_BLOCKS = YES;
				GCC_OPTIMIZATION_LEVEL = 0;
				GCC_PREPROCESSOR_DEFINITIONS = (
					"DEBUG=1",
					"$(inherited)",
				);
				GCC_WARN_64_TO_32_BIT_CONVERSION = YES;
				GCC_WARN_ABOUT_RETURN_TYPE = YES_ERROR;
				GCC_WARN_UNDECLARED_SELECTOR = YES;
				GCC_WARN_UNINITIALIZED_AUTOS = YES_AGGRESSIVE;
				GCC_WARN_UNUSED_FUNCTION = YES;
				GCC_WARN_UNUSED_VARIABLE = YES;
				IPHONEOS_DEPLOYMENT_TARGET = 11.2;
				MTL_ENABLE_DEBUG_INFO = YES;
				ONLY_ACTIVE_ARCH = YES;
				SDKROOT = iphoneos;
				SWIFT_ACTIVE_COMPILATION_CONDITIONS = DEBUG;
				SWIFT_OPTIMIZATION_LEVEL = "-Onone";
			};
			name = Debug;
		};
		9B508378200FC11D00466450 /* Release */ = {
			isa = XCBuildConfiguration;
			buildSettings = {
				ALWAYS_SEARCH_USER_PATHS = NO;
				CLANG_ANALYZER_NONNULL = YES;
				CLANG_ANALYZER_NUMBER_OBJECT_CONVERSION = YES_AGGRESSIVE;
				CLANG_CXX_LANGUAGE_STANDARD = "gnu++14";
				CLANG_CXX_LIBRARY = "libc++";
				CLANG_ENABLE_MODULES = YES;
				CLANG_ENABLE_OBJC_ARC = YES;
				CLANG_WARN_BLOCK_CAPTURE_AUTORELEASING = YES;
				CLANG_WARN_BOOL_CONVERSION = YES;
				CLANG_WARN_COMMA = YES;
				CLANG_WARN_CONSTANT_CONVERSION = YES;
				CLANG_WARN_DIRECT_OBJC_ISA_USAGE = YES_ERROR;
				CLANG_WARN_DOCUMENTATION_COMMENTS = YES;
				CLANG_WARN_EMPTY_BODY = YES;
				CLANG_WARN_ENUM_CONVERSION = YES;
				CLANG_WARN_INFINITE_RECURSION = YES;
				CLANG_WARN_INT_CONVERSION = YES;
				CLANG_WARN_NON_LITERAL_NULL_CONVERSION = YES;
				CLANG_WARN_OBJC_LITERAL_CONVERSION = YES;
				CLANG_WARN_OBJC_ROOT_CLASS = YES_ERROR;
				CLANG_WARN_RANGE_LOOP_ANALYSIS = YES;
				CLANG_WARN_STRICT_PROTOTYPES = YES;
				CLANG_WARN_SUSPICIOUS_MOVE = YES;
				CLANG_WARN_UNGUARDED_AVAILABILITY = YES_AGGRESSIVE;
				CLANG_WARN_UNREACHABLE_CODE = YES;
				CLANG_WARN__DUPLICATE_METHOD_MATCH = YES;
				CODE_SIGN_IDENTITY = "iPhone Developer";
				COPY_PHASE_STRIP = NO;
				DEBUG_INFORMATION_FORMAT = "dwarf-with-dsym";
				ENABLE_NS_ASSERTIONS = NO;
				ENABLE_STRICT_OBJC_MSGSEND = YES;
				GCC_C_LANGUAGE_STANDARD = gnu11;
				GCC_NO_COMMON_BLOCKS = YES;
				GCC_WARN_64_TO_32_BIT_CONVERSION = YES;
				GCC_WARN_ABOUT_RETURN_TYPE = YES_ERROR;
				GCC_WARN_UNDECLARED_SELECTOR = YES;
				GCC_WARN_UNINITIALIZED_AUTOS = YES_AGGRESSIVE;
				GCC_WARN_UNUSED_FUNCTION = YES;
				GCC_WARN_UNUSED_VARIABLE = YES;
				IPHONEOS_DEPLOYMENT_TARGET = 11.2;
				MTL_ENABLE_DEBUG_INFO = NO;
				SDKROOT = iphoneos;
				SWIFT_OPTIMIZATION_LEVEL = "-Owholemodule";
				VALIDATE_PRODUCT = YES;
			};
			name = Release;
		};
		9B50837A200FC11D00466450 /* Debug */ = {
			isa = XCBuildConfiguration;
			baseConfigurationReference = 48B26E958959741D196FC2A1 /* Pods-MemoBomb.debug.xcconfig */;
			buildSettings = {
				ASSETCATALOG_COMPILER_APPICON_NAME = AppIcon;
				CODE_SIGN_STYLE = Automatic;
				DEVELOPMENT_TEAM = QLAGA64KZQ;
				INFOPLIST_FILE = MemoBomb/Info.plist;
				LD_RUNPATH_SEARCH_PATHS = "$(inherited) @executable_path/Frameworks";
				PRODUCT_BUNDLE_IDENTIFIER = smith.codesquad.MemoBomb;
				PRODUCT_NAME = "$(TARGET_NAME)";
				SWIFT_VERSION = 4.0;
				TARGETED_DEVICE_FAMILY = "1,2";
			};
			name = Debug;
		};
		9B50837B200FC11D00466450 /* Release */ = {
			isa = XCBuildConfiguration;
			baseConfigurationReference = CD5888EA56256B47C82DCF4B /* Pods-MemoBomb.release.xcconfig */;
			buildSettings = {
				ASSETCATALOG_COMPILER_APPICON_NAME = AppIcon;
				CODE_SIGN_STYLE = Automatic;
				DEVELOPMENT_TEAM = QLAGA64KZQ;
				INFOPLIST_FILE = MemoBomb/Info.plist;
				LD_RUNPATH_SEARCH_PATHS = "$(inherited) @executable_path/Frameworks";
				PRODUCT_BUNDLE_IDENTIFIER = smith.codesquad.MemoBomb;
				PRODUCT_NAME = "$(TARGET_NAME)";
				SWIFT_VERSION = 4.0;
				TARGETED_DEVICE_FAMILY = "1,2";
			};
			name = Release;
		};
/* End XCBuildConfiguration section */

/* Begin XCConfigurationList section */
		9B508362200FC11D00466450 /* Build configuration list for PBXProject "MemoBomb" */ = {
			isa = XCConfigurationList;
			buildConfigurations = (
				9B508377200FC11D00466450 /* Debug */,
				9B508378200FC11D00466450 /* Release */,
			);
			defaultConfigurationIsVisible = 0;
			defaultConfigurationName = Release;
		};
		9B508379200FC11D00466450 /* Build configuration list for PBXNativeTarget "MemoBomb" */ = {
			isa = XCConfigurationList;
			buildConfigurations = (
				9B50837A200FC11D00466450 /* Debug */,
				9B50837B200FC11D00466450 /* Release */,
			);
			defaultConfigurationIsVisible = 0;
			defaultConfigurationName = Release;
		};
/* End XCConfigurationList section */
	};
	rootObject = 9B50835F200FC11D00466450 /* Project object */;
}
